
Microsoft Visual Studio Solution File, Format Version 12.00
# Visual Studio Version 17
VisualStudioVersion = 17.5.002.0
MinimumVisualStudioVersion = 10.0.40219.1
Project("{9A19103F-16F7-4668-BE54-9A1E7A4F7556}") = "api", "api\api.csproj", "{27C05765-C82D-4ECE-9157-52413F31555E}"
EndProject
Global
	GlobalSection(SolutionConfigurationPlatforms) = preSolution
		Debug|Any CPU = Debug|Any CPU
		Release|Any CPU = Release|Any CPU
	EndGlobalSection
	GlobalSection(ProjectConfigurationPlatforms) = postSolution
		{27C05765-C82D-4ECE-9157-52413F31555E}.Debug|Any CPU.ActiveCfg = Debug|Any CPU
		{27C05765-C82D-4ECE-9157-52413F31555E}.Debug|Any CPU.Build.0 = Debug|Any CPU
		{27C05765-C82D-4ECE-9157-52413F31555E}.Release|Any CPU.ActiveCfg = Release|Any CPU
		{27C05765-C82D-4ECE-9157-52413F31555E}.Release|Any CPU.Build.0 = Release|Any CPU
	EndGlobalSection
	GlobalSection(SolutionProperties) = preSolution
		HideSolutionNode = FALSE
	EndGlobalSection
	GlobalSection(ExtensibilityGlobals) = postSolution
		SolutionGuid = {DD694253-E9CF-4C0E-8E7A-3CE599EDED35}
	EndGlobalSection
EndGlobal
